// !$*UTF8*$!
{
	archiveVersion = 1;
	classes = {
	};
	objectVersion = 77;
	objects = {

/* Begin PBXBuildFile section */
		76854A2E2DBC10B000A7DB2E /* WidgetKit.framework in Frameworks */ = {isa = PBXBuildFile; fileRef = 76854A2D2DBC10AF00A7DB2E /* WidgetKit.framework */; };
		76854A302DBC10B000A7DB2E /* SwiftUI.framework in Frameworks */ = {isa = PBXBuildFile; fileRef = 76854A2F2DBC10B000A7DB2E /* SwiftUI.framework */; };
		76854A3F2DBC10B200A7DB2E /* TinyCounterWidgetExtension.appex in Embed Foundation Extensions */ = {isa = PBXBuildFile; fileRef = 76854A2B2DBC10AF00A7DB2E /* TinyCounterWidgetExtension.appex */; settings = {ATTRIBUTES = (RemoveHeadersOnCopy, ); }; };
		76956B092DB81DA700940F8D /* GoogleMobileAds in Frameworks */ = {isa = PBXBuildFile; productRef = 76956B082DB81DA700940F8D /* GoogleMobileAds */; };
/* End PBXBuildFile section */

/* Begin PBXContainerItemProxy section */
		76854A3D2DBC10B200A7DB2E /* PBXContainerItemProxy */ = {
			isa = PBXContainerItemProxy;
			containerPortal = 76956AF12DB81CC000940F8D /* Project object */;
			proxyType = 1;
			remoteGlobalIDString = 76854A2A2DBC10AF00A7DB2E;
			remoteInfo = TinyCounterWidgetExtension;
		};
/* End PBXContainerItemProxy section */

/* Begin PBXCopyFilesBuildPhase section */
		76854A442DBC10B200A7DB2E /* Embed Foundation Extensions */ = {
			isa = PBXCopyFilesBuildPhase;
			buildActionMask = 2147483647;
			dstPath = "";
			dstSubfolderSpec = 13;
			files = (
				76854A3F2DBC10B200A7DB2E /* TinyCounterWidgetExtension.appex in Embed Foundation Extensions */,
			);
			name = "Embed Foundation Extensions";
			runOnlyForDeploymentPostprocessing = 0;
		};
/* End PBXCopyFilesBuildPhase section */

/* Begin PBXFileReference section */
		76854A2B2DBC10AF00A7DB2E /* TinyCounterWidgetExtension.appex */ = {isa = PBXFileReference; explicitFileType = "wrapper.app-extension"; includeInIndex = 0; path = TinyCounterWidgetExtension.appex; sourceTree = BUILT_PRODUCTS_DIR; };
		76854A2D2DBC10AF00A7DB2E /* WidgetKit.framework */ = {isa = PBXFileReference; lastKnownFileType = wrapper.framework; name = WidgetKit.framework; path = System/Library/Frameworks/WidgetKit.framework; sourceTree = SDKROOT; };
		76854A2F2DBC10B000A7DB2E /* SwiftUI.framework */ = {isa = PBXFileReference; lastKnownFileType = wrapper.framework; name = SwiftUI.framework; path = System/Library/Frameworks/SwiftUI.framework; sourceTree = SDKROOT; };
		76854A4C2DBC1A5000A7DB2E /* TinyCounterWidgetExtension.entitlements */ = {isa = PBXFileReference; lastKnownFileType = text.plist.entitlements; path = TinyCounterWidgetExtension.entitlements; sourceTree = "<group>"; };
		76956AF92DB81CC000940F8D /* TinyCounter.app */ = {isa = PBXFileReference; explicitFileType = wrapper.application; includeInIndex = 0; path = TinyCounter.app; sourceTree = BUILT_PRODUCTS_DIR; };
/* End PBXFileReference section */

/* Begin PBXFileSystemSynchronizedBuildFileExceptionSet section */
		76854A432DBC10B200A7DB2E /* Exceptions for "TinyCounterWidget" folder in "TinyCounterWidgetExtension" target */ = {
			isa = PBXFileSystemSynchronizedBuildFileExceptionSet;
			membershipExceptions = (
				Info.plist,
			);
			target = 76854A2A2DBC10AF00A7DB2E /* TinyCounterWidgetExtension */;
		};
		76854A4A2DBC133A00A7DB2E /* Exceptions for "TinyCounter" folder in "TinyCounterWidgetExtension" target */ = {
			isa = PBXFileSystemSynchronizedBuildFileExceptionSet;
			membershipExceptions = (
				"CountdownItem 2.swift",
			);
			target = 76854A2A2DBC10AF00A7DB2E /* TinyCounterWidgetExtension */;
		};
		76956B0B2DB81E2F00940F8D /* Exceptions for "TinyCounter" folder in "TinyCounter" target */ = {
			isa = PBXFileSystemSynchronizedBuildFileExceptionSet;
			membershipExceptions = (
				Info.plist,
			);
			target = 76956AF82DB81CC000940F8D /* TinyCounter */;
		};
/* End PBXFileSystemSynchronizedBuildFileExceptionSet section */

/* Begin PBXFileSystemSynchronizedRootGroup section */
		76854A312DBC10B000A7DB2E /* TinyCounterWidget */ = {
			isa = PBXFileSystemSynchronizedRootGroup;
			exceptions = (
				76854A432DBC10B200A7DB2E /* Exceptions for "TinyCounterWidget" folder in "TinyCounterWidgetExtension" target */,
			);
			path = TinyCounterWidget;
			sourceTree = "<group>";
		};
		76956AFB2DB81CC000940F8D /* TinyCounter */ = {
			isa = PBXFileSystemSynchronizedRootGroup;
			exceptions = (
				76956B0B2DB81E2F00940F8D /* Exceptions for "TinyCounter" folder in "TinyCounter" target */,
				76854A4A2DBC133A00A7DB2E /* Exceptions for "TinyCounter" folder in "TinyCounterWidgetExtension" target */,
			);
			path = TinyCounter;
			sourceTree = "<group>";
		};
/* End PBXFileSystemSynchronizedRootGroup section */

/* Begin PBXFrameworksBuildPhase section */
		76854A282DBC10AF00A7DB2E /* Frameworks */ = {
			isa = PBXFrameworksBuildPhase;
			buildActionMask = 2147483647;
			files = (
				76854A302DBC10B000A7DB2E /* SwiftUI.framework in Frameworks */,
				76854A2E2DBC10B000A7DB2E /* WidgetKit.framework in Frameworks */,
			);
			runOnlyForDeploymentPostprocessing = 0;
		};
		76956AF62DB81CC000940F8D /* Frameworks */ = {
			isa = PBXFrameworksBuildPhase;
			buildActionMask = 2147483647;
			files = (
				76956B092DB81DA700940F8D /* GoogleMobileAds in Frameworks */,
			);
			runOnlyForDeploymentPostprocessing = 0;
		};
/* End PBXFrameworksBuildPhase section */

/* Begin PBXGroup section */
		76854A2C2DBC10AF00A7DB2E /* Frameworks */ = {
			isa = PBXGroup;
			children = (
				76854A2D2DBC10AF00A7DB2E /* WidgetKit.framework */,
				76854A2F2DBC10B000A7DB2E /* SwiftUI.framework */,
			);
			name = Frameworks;
			sourceTree = "<group>";
		};
		76956AF02DB81CC000940F8D = {
			isa = PBXGroup;
			children = (
				76854A4C2DBC1A5000A7DB2E /* TinyCounterWidgetExtension.entitlements */,
				76956AFB2DB81CC000940F8D /* TinyCounter */,
				76854A312DBC10B000A7DB2E /* TinyCounterWidget */,
				76854A2C2DBC10AF00A7DB2E /* Frameworks */,
				76956AFA2DB81CC000940F8D /* Products */,
			);
			sourceTree = "<group>";
		};
		76956AFA2DB81CC000940F8D /* Products */ = {
			isa = PBXGroup;
			children = (
				76956AF92DB81CC000940F8D /* TinyCounter.app */,
				76854A2B2DBC10AF00A7DB2E /* TinyCounterWidgetExtension.appex */,
			);
			name = Products;
			sourceTree = "<group>";
		};
/* End PBXGroup section */

/* Begin PBXNativeTarget section */
		76854A2A2DBC10AF00A7DB2E /* TinyCounterWidgetExtension */ = {
			isa = PBXNativeTarget;
			buildConfigurationList = 76854A402DBC10B200A7DB2E /* Build configuration list for PBXNativeTarget "TinyCounterWidgetExtension" */;
			buildPhases = (
				76854A272DBC10AF00A7DB2E /* Sources */,
				76854A282DBC10AF00A7DB2E /* Frameworks */,
				76854A292DBC10AF00A7DB2E /* Resources */,
			);
			buildRules = (
			);
			dependencies = (
			);
			fileSystemSynchronizedGroups = (
				76854A312DBC10B000A7DB2E /* TinyCounterWidget */,
			);
			name = TinyCounterWidgetExtension;
			packageProductDependencies = (
			);
			productName = TinyCounterWidgetExtension;
			productReference = 76854A2B2DBC10AF00A7DB2E /* TinyCounterWidgetExtension.appex */;
			productType = "com.apple.product-type.app-extension";
		};
		76956AF82DB81CC000940F8D /* TinyCounter */ = {
			isa = PBXNativeTarget;
			buildConfigurationList = 76956B042DB81CC300940F8D /* Build configuration list for PBXNativeTarget "TinyCounter" */;
			buildPhases = (
				76956AF52DB81CC000940F8D /* Sources */,
				76956AF62DB81CC000940F8D /* Frameworks */,
				76956AF72DB81CC000940F8D /* Resources */,
				76854A442DBC10B200A7DB2E /* Embed Foundation Extensions */,
			);
			buildRules = (
			);
			dependencies = (
				76854A3E2DBC10B200A7DB2E /* PBXTargetDependency */,
			);
			fileSystemSynchronizedGroups = (
				76956AFB2DB81CC000940F8D /* TinyCounter */,
			);
			name = TinyCounter;
			packageProductDependencies = (
				76956B082DB81DA700940F8D /* GoogleMobileAds */,
			);
			productName = TinyCounter;
			productReference = 76956AF92DB81CC000940F8D /* TinyCounter.app */;
			productType = "com.apple.product-type.application";
		};
/* End PBXNativeTarget section */

/* Begin PBXProject section */
		76956AF12DB81CC000940F8D /* Project object */ = {
			isa = PBXProject;
			attributes = {
				BuildIndependentTargetsInParallel = 1;
				LastSwiftUpdateCheck = 1630;
				LastUpgradeCheck = 1630;
				TargetAttributes = {
					76854A2A2DBC10AF00A7DB2E = {
						CreatedOnToolsVersion = 16.3;
					};
					76956AF82DB81CC000940F8D = {
						CreatedOnToolsVersion = 16.3;
					};
				};
			};
			buildConfigurationList = 76956AF42DB81CC000940F8D /* Build configuration list for PBXProject "TinyCounter" */;
			developmentRegion = en;
			hasScannedForEncodings = 0;
			knownRegions = (
				en,
				Base,
			);
			mainGroup = 76956AF02DB81CC000940F8D;
			minimizedProjectReferenceProxies = 1;
			packageReferences = (
				76956B072DB81DA700940F8D /* XCRemoteSwiftPackageReference "swift-package-manager-google-mobile-ads" */,
			);
			preferredProjectObjectVersion = 77;
			productRefGroup = 76956AFA2DB81CC000940F8D /* Products */;
			projectDirPath = "";
			projectRoot = "";
			targets = (
				76956AF82DB81CC000940F8D /* TinyCounter */,
				76854A2A2DBC10AF00A7DB2E /* TinyCounterWidgetExtension */,
			);
		};
/* End PBXProject section */

/* Begin PBXResourcesBuildPhase section */
		76854A292DBC10AF00A7DB2E /* Resources */ = {
			isa = PBXResourcesBuildPhase;
			buildActionMask = 2147483647;
			files = (
			);
			runOnlyForDeploymentPostprocessing = 0;
		};
		76956AF72DB81CC000940F8D /* Resources */ = {
			isa = PBXResourcesBuildPhase;
			buildActionMask = 2147483647;
			files = (
			);
			runOnlyForDeploymentPostprocessing = 0;
		};
/* End PBXResourcesBuildPhase section */

/* Begin PBXSourcesBuildPhase section */
		76854A272DBC10AF00A7DB2E /* Sources */ = {
			isa = PBXSourcesBuildPhase;
			buildActionMask = 2147483647;
			files = (
			);
			runOnlyForDeploymentPostprocessing = 0;
		};
		76956AF52DB81CC000940F8D /* Sources */ = {
			isa = PBXSourcesBuildPhase;
			buildActionMask = 2147483647;
			files = (
			);
			runOnlyForDeploymentPostprocessing = 0;
		};
/* End PBXSourcesBuildPhase section */

/* Begin PBXTargetDependency section */
		76854A3E2DBC10B200A7DB2E /* PBXTargetDependency */ = {
			isa = PBXTargetDependency;
			target = 76854A2A2DBC10AF00A7DB2E /* TinyCounterWidgetExtension */;
			targetProxy = 76854A3D2DBC10B200A7DB2E /* PBXContainerItemProxy */;
		};
/* End PBXTargetDependency section */

/* Begin XCBuildConfiguration section */
		76854A412DBC10B200A7DB2E /* Debug */ = {
			isa = XCBuildConfiguration;
			buildSettings = {
				ASSETCATALOG_COMPILER_GLOBAL_ACCENT_COLOR_NAME = AccentColor;
				ASSETCATALOG_COMPILER_WIDGET_BACKGROUND_COLOR_NAME = WidgetBackground;
				CODE_SIGN_ENTITLEMENTS = TinyCounterWidgetExtension.entitlements;
				CODE_SIGN_STYLE = Automatic;
				CURRENT_PROJECT_VERSION = 1;
				DEVELOPMENT_TEAM = UU3NL23G23;
				GENERATE_INFOPLIST_FILE = YES;
				INFOPLIST_FILE = TinyCounterWidget/Info.plist;
				INFOPLIST_KEY_CFBundleDisplayName = TinyCounterWidget;
				INFOPLIST_KEY_NSHumanReadableCopyright = "";
				LD_RUNPATH_SEARCH_PATHS = (
					"$(inherited)",
					"@executable_path/Frameworks",
					"@executable_path/../../Frameworks",
				);
				MARKETING_VERSION = 1.0;
				PRODUCT_BUNDLE_IDENTIFIER = com.angelapps.TinyCounter.TinyCounterWidget;
				PRODUCT_NAME = "$(TARGET_NAME)";
				SKIP_INSTALL = YES;
				SWIFT_EMIT_LOC_STRINGS = YES;
				SWIFT_VERSION = 5.0;
				TARGETED_DEVICE_FAMILY = "1,2";
			};
			name = Debug;
		};
		76854A422DBC10B200A7DB2E /* Release */ = {
			isa = XCBuildConfiguration;
			buildSettings = {
				ASSETCATALOG_COMPILER_GLOBAL_ACCENT_COLOR_NAME = AccentColor;
				ASSETCATALOG_COMPILER_WIDGET_BACKGROUND_COLOR_NAME = WidgetBackground;
				CODE_SIGN_ENTITLEMENTS = TinyCounterWidgetExtension.entitlements;
				CODE_SIGN_STYLE = Automatic;
				CURRENT_PROJECT_VERSION = 1;
				DEVELOPMENT_TEAM = UU3NL23G23;
				GENERATE_INFOPLIST_FILE = YES;
				INFOPLIST_FILE = TinyCounterWidget/Info.plist;
				INFOPLIST_KEY_CFBundleDisplayName = TinyCounterWidget;
				INFOPLIST_KEY_NSHumanReadableCopyright = "";
				LD_RUNPATH_SEARCH_PATHS = (
					"$(inherited)",
					"@executable_path/Frameworks",
					"@executable_path/../../Frameworks",
				);
				MARKETING_VERSION = 1.0;
				PRODUCT_BUNDLE_IDENTIFIER = com.angelapps.TinyCounter.TinyCounterWidget;
				PRODUCT_NAME = "$(TARGET_NAME)";
				SKIP_INSTALL = YES;
				SWIFT_EMIT_LOC_STRINGS = YES;
				SWIFT_VERSION = 5.0;
				TARGETED_DEVICE_FAMILY = "1,2";
			};
			name = Release;
		};
		76956B022DB81CC300940F8D /* Debug */ = {
			isa = XCBuildConfiguration;
			buildSettings = {
				ALWAYS_SEARCH_USER_PATHS = NO;
				ASSETCATALOG_COMPILER_GENERATE_SWIFT_ASSET_SYMBOL_EXTENSIONS = YES;
				CLANG_ANALYZER_NONNULL = YES;
				CLANG_ANALYZER_NUMBER_OBJECT_CONVERSION = YES_AGGRESSIVE;
				CLANG_CXX_LANGUAGE_STANDARD = "gnu++20";
				CLANG_ENABLE_MODULES = YES;
				CLANG_ENABLE_OBJC_ARC = YES;
				CLANG_ENABLE_OBJC_WEAK = YES;
				CLANG_WARN_BLOCK_CAPTURE_AUTORELEASING = YES;
				CLANG_WARN_BOOL_CONVERSION = YES;
				CLANG_WARN_COMMA = YES;
				CLANG_WARN_CONSTANT_CONVERSION = YES;
				CLANG_WARN_DEPRECATED_OBJC_IMPLEMENTATIONS = YES;
				CLANG_WARN_DIRECT_OBJC_ISA_USAGE = YES_ERROR;
				CLANG_WARN_DOCUMENTATION_COMMENTS = YES;
				CLANG_WARN_EMPTY_BODY = YES;
				CLANG_WARN_ENUM_CONVERSION = YES;
				CLANG_WARN_INFINITE_RECURSION = YES;
				CLANG_WARN_INT_CONVERSION = YES;
				CLANG_WARN_NON_LITERAL_NULL_CONVERSION = YES;
				CLANG_WARN_OBJC_IMPLICIT_RETAIN_SELF = YES;
				CLANG_WARN_OBJC_LITERAL_CONVERSION = YES;
				CLANG_WARN_OBJC_ROOT_CLASS = YES_ERROR;
				CLANG_WARN_QUOTED_INCLUDE_IN_FRAMEWORK_HEADER = YES;
				CLANG_WARN_RANGE_LOOP_ANALYSIS = YES;
				CLANG_WARN_STRICT_PROTOTYPES = YES;
				CLANG_WARN_SUSPICIOUS_MOVE = YES;
				CLANG_WARN_UNGUARDED_AVAILABILITY = YES_AGGRESSIVE;
				CLANG_WARN_UNREACHABLE_CODE = YES;
				CLANG_WARN__DUPLICATE_METHOD_MATCH = YES;
				CODE_SIGN_ENTITLEMENTS = "TinyCounterWidgetExtension.entitlements\n";
				COPY_PHASE_STRIP = NO;
				DEBUG_INFORMATION_FORMAT = dwarf;
				DEVELOPMENT_TEAM = UU3NL23G23;
				ENABLE_STRICT_OBJC_MSGSEND = YES;
				ENABLE_TESTABILITY = YES;
				ENABLE_USER_SCRIPT_SANDBOXING = YES;
				GCC_C_LANGUAGE_STANDARD = gnu17;
				GCC_DYNAMIC_NO_PIC = NO;
				GCC_NO_COMMON_BLOCKS = YES;
				GCC_OPTIMIZATION_LEVEL = 0;
				GCC_PREPROCESSOR_DEFINITIONS = (
					"DEBUG=1",
					"$(inherited)",
				);
				GCC_WARN_64_TO_32_BIT_CONVERSION = YES;
				GCC_WARN_ABOUT_RETURN_TYPE = YES_ERROR;
				GCC_WARN_UNDECLARED_SELECTOR = YES;
				GCC_WARN_UNINITIALIZED_AUTOS = YES_AGGRESSIVE;
				GCC_WARN_UNUSED_FUNCTION = YES;
				GCC_WARN_UNUSED_VARIABLE = YES;
				IPHONEOS_DEPLOYMENT_TARGET = 18.4;
				LOCALIZATION_PREFERS_STRING_CATALOGS = YES;
				MTL_ENABLE_DEBUG_INFO = INCLUDE_SOURCE;
				MTL_FAST_MATH = YES;
				ONLY_ACTIVE_ARCH = YES;
				SDKROOT = iphoneos;
				SWIFT_ACTIVE_COMPILATION_CONDITIONS = "DEBUG $(inherited)";
				SWIFT_OPTIMIZATION_LEVEL = "-Onone";
			};
			name = Debug;
		};
		76956B032DB81CC300940F8D /* Release */ = {
			isa = XCBuildConfiguration;
			buildSettings = {
				ALWAYS_SEARCH_USER_PATHS = NO;
				ASSETCATALOG_COMPILER_GENERATE_SWIFT_ASSET_SYMBOL_EXTENSIONS = YES;
				CLANG_ANALYZER_NONNULL = YES;
				CLANG_ANALYZER_NUMBER_OBJECT_CONVERSION = YES_AGGRESSIVE;
				CLANG_CXX_LANGUAGE_STANDARD = "gnu++20";
				CLANG_ENABLE_MODULES = YES;
				CLANG_ENABLE_OBJC_ARC = YES;
				CLANG_ENABLE_OBJC_WEAK = YES;
				CLANG_WARN_BLOCK_CAPTURE_AUTORELEASING = YES;
				CLANG_WARN_BOOL_CONVERSION = YES;
				CLANG_WARN_COMMA = YES;
				CLANG_WARN_CONSTANT_CONVERSION = YES;
				CLANG_WARN_DEPRECATED_OBJC_IMPLEMENTATIONS = YES;
				CLANG_WARN_DIRECT_OBJC_ISA_USAGE = YES_ERROR;
				CLANG_WARN_DOCUMENTATION_COMMENTS = YES;
				CLANG_WARN_EMPTY_BODY = YES;
				CLANG_WARN_ENUM_CONVERSION = YES;
				CLANG_WARN_INFINITE_RECURSION = YES;
				CLANG_WARN_INT_CONVERSION = YES;
				CLANG_WARN_NON_LITERAL_NULL_CONVERSION = YES;
				CLANG_WARN_OBJC_IMPLICIT_RETAIN_SELF = YES;
				CLANG_WARN_OBJC_LITERAL_CONVERSION = YES;
				CLANG_WARN_OBJC_ROOT_CLASS = YES_ERROR;
				CLANG_WARN_QUOTED_INCLUDE_IN_FRAMEWORK_HEADER = YES;
				CLANG_WARN_RANGE_LOOP_ANALYSIS = YES;
				CLANG_WARN_STRICT_PROTOTYPES = YES;
				CLANG_WARN_SUSPICIOUS_MOVE = YES;
				CLANG_WARN_UNGUARDED_AVAILABILITY = YES_AGGRESSIVE;
				CLANG_WARN_UNREACHABLE_CODE = YES;
				CLANG_WARN__DUPLICATE_METHOD_MATCH = YES;
				CODE_SIGN_ENTITLEMENTS = "TinyCounterWidgetExtension.entitlements\n";
				COPY_PHASE_STRIP = NO;
				DEBUG_INFORMATION_FORMAT = "dwarf-with-dsym";
				DEVELOPMENT_TEAM = UU3NL23G23;
				ENABLE_NS_ASSERTIONS = NO;
				ENABLE_STRICT_OBJC_MSGSEND = YES;
				ENABLE_USER_SCRIPT_SANDBOXING = YES;
				GCC_C_LANGUAGE_STANDARD = gnu17;
				GCC_NO_COMMON_BLOCKS = YES;
				GCC_WARN_64_TO_32_BIT_CONVERSION = YES;
				GCC_WARN_ABOUT_RETURN_TYPE = YES_ERROR;
				GCC_WARN_UNDECLARED_SELECTOR = YES;
				GCC_WARN_UNINITIALIZED_AUTOS = YES_AGGRESSIVE;
				GCC_WARN_UNUSED_FUNCTION = YES;
				GCC_WARN_UNUSED_VARIABLE = YES;
				IPHONEOS_DEPLOYMENT_TARGET = 18.4;
				LOCALIZATION_PREFERS_STRING_CATALOGS = YES;
				MTL_ENABLE_DEBUG_INFO = NO;
				MTL_FAST_MATH = YES;
				SDKROOT = iphoneos;
				SWIFT_COMPILATION_MODE = wholemodule;
				VALIDATE_PRODUCT = YES;
			};
			name = Release;
		};
		76956B052DB81CC300940F8D /* Debug */ = {
			isa = XCBuildConfiguration;
			buildSettings = {
				ASSETCATALOG_COMPILER_APPICON_NAME = AppIcon;
				ASSETCATALOG_COMPILER_GLOBAL_ACCENT_COLOR_NAME = AccentColor;
				CODE_SIGN_ENTITLEMENTS = TinyCounter/TinyCounter.entitlements;
				CODE_SIGN_STYLE = Automatic;
				CURRENT_PROJECT_VERSION = 1;
				DEVELOPMENT_TEAM = UU3NL23G23;
				ENABLE_PREVIEWS = YES;
				GENERATE_INFOPLIST_FILE = YES;
				INFOPLIST_FILE = TinyCounter/Info.plist;
				INFOPLIST_KEY_NSCameraUsageDescription = "Tiny Counter needs to use your camera so you can take photos to use in your countdowns";
				INFOPLIST_KEY_NSPhotoLibraryUsageDescription = "Tiny Counter needs to access your photos so you can add a personal touch to your countdowns";
				INFOPLIST_KEY_UIApplicationSceneManifest_Generation = YES;
				INFOPLIST_KEY_UIApplicationSupportsIndirectInputEvents = YES;
				INFOPLIST_KEY_UILaunchScreen_Generation = YES;
				INFOPLIST_KEY_UISupportedInterfaceOrientations_iPad = "UIInterfaceOrientationPortrait UIInterfaceOrientationPortraitUpsideDown UIInterfaceOrientationLandscapeLeft UIInterfaceOrientationLandscapeRight";
				INFOPLIST_KEY_UISupportedInterfaceOrientations_iPhone = "UIInterfaceOrientationPortrait UIInterfaceOrientationLandscapeLeft UIInterfaceOrientationLandscapeRight";
				IPHONEOS_DEPLOYMENT_TARGET = 16.0;
				LD_RUNPATH_SEARCH_PATHS = (
					"$(inherited)",
					"@executable_path/Frameworks",
				);
				MARKETING_VERSION = 1.0;
				PRODUCT_BUNDLE_IDENTIFIER = com.angelapps.TinyCounter;
				PRODUCT_NAME = "$(TARGET_NAME)";
				SWIFT_EMIT_LOC_STRINGS = YES;
				SWIFT_VERSION = 5.0;
				TARGETED_DEVICE_FAMILY = "1,2";
			};
			name = Debug;
		};
		76956B062DB81CC300940F8D /* Release */ = {
			isa = XCBuildConfiguration;
			buildSettings = {
				ASSETCATALOG_COMPILER_APPICON_NAME = AppIcon;
				ASSETCATALOG_COMPILER_GLOBAL_ACCENT_COLOR_NAME = AccentColor;
				CODE_SIGN_ENTITLEMENTS = TinyCounter/TinyCounter.entitlements;
				CODE_SIGN_STYLE = Automatic;
				CURRENT_PROJECT_VERSION = 1;
				DEVELOPMENT_TEAM = UU3NL23G23;
				ENABLE_PREVIEWS = YES;
				GENERATE_INFOPLIST_FILE = YES;
				INFOPLIST_FILE = TinyCounter/Info.plist;
				INFOPLIST_KEY_NSCameraUsageDescription = "Tiny Counter needs to use your camera so you can take photos to use in your countdowns";
				INFOPLIST_KEY_NSPhotoLibraryUsageDescription = "Tiny Counter needs to access your photos so you can add a personal touch to your countdowns";
				INFOPLIST_KEY_UIApplicationSceneManifest_Generation = YES;
				INFOPLIST_KEY_UIApplicationSupportsIndirectInputEvents = YES;
				INFOPLIST_KEY_UILaunchScreen_Generation = YES;
				INFOPLIST_KEY_UISupportedInterfaceOrientations_iPad = "UIInterfaceOrientationPortrait UIInterfaceOrientationPortraitUpsideDown UIInterfaceOrientationLandscapeLeft UIInterfaceOrientationLandscapeRight";
				INFOPLIST_KEY_UISupportedInterfaceOrientations_iPhone = "UIInterfaceOrientationPortrait UIInterfaceOrientationLandscapeLeft UIInterfaceOrientationLandscapeRight";
				IPHONEOS_DEPLOYMENT_TARGET = 16.0;
				LD_RUNPATH_SEARCH_PATHS = (
					"$(inherited)",
					"@executable_path/Frameworks",
				);
				MARKETING_VERSION = 1.0;
				PRODUCT_BUNDLE_IDENTIFIER = com.angelapps.TinyCounter;
				PRODUCT_NAME = "$(TARGET_NAME)";
				SWIFT_EMIT_LOC_STRINGS = YES;
				SWIFT_VERSION = 5.0;
				TARGETED_DEVICE_FAMILY = "1,2";
			};
			name = Release;
		};
/* End XCBuildConfiguration section */

/* Begin XCConfigurationList section */
		76854A402DBC10B200A7DB2E /* Build configuration list for PBXNativeTarget "TinyCounterWidgetExtension" */ = {
			isa = XCConfigurationList;
			buildConfigurations = (
				76854A412DBC10B200A7DB2E /* Debug */,
				76854A422DBC10B200A7DB2E /* Release */,
			);
			defaultConfigurationIsVisible = 0;
			defaultConfigurationName = Release;
		};
		76956AF42DB81CC000940F8D /* Build configuration list for PBXProject "TinyCounter" */ = {
			isa = XCConfigurationList;
			buildConfigurations = (
				76956B022DB81CC300940F8D /* Debug */,
				76956B032DB81CC300940F8D /* Release */,
			);
			defaultConfigurationIsVisible = 0;
			defaultConfigurationName = Release;
		};
		76956B042DB81CC300940F8D /* Build configuration list for PBXNativeTarget "TinyCounter" */ = {
			isa = XCConfigurationList;
			buildConfigurations = (
				76956B052DB81CC300940F8D /* Debug */,
				76956B062DB81CC300940F8D /* Release */,
			);
			defaultConfigurationIsVisible = 0;
			defaultConfigurationName = Release;
		};
/* End XCConfigurationList section */

/* Begin XCRemoteSwiftPackageReference section */
		76956B072DB81DA700940F8D /* XCRemoteSwiftPackageReference "swift-package-manager-google-mobile-ads" */ = {
			isa = XCRemoteSwiftPackageReference;
			repositoryURL = "https://github.com/googleads/swift-package-manager-google-mobile-ads";
			requirement = {
				kind = upToNextMajorVersion;
				minimumVersion = 12.3.0;
			};
		};
/* End XCRemoteSwiftPackageReference section */

/* Begin XCSwiftPackageProductDependency section */
		76956B082DB81DA700940F8D /* GoogleMobileAds */ = {
			isa = XCSwiftPackageProductDependency;
			package = 76956B072DB81DA700940F8D /* XCRemoteSwiftPackageReference "swift-package-manager-google-mobile-ads" */;
			productName = GoogleMobileAds;
		};
/* End XCSwiftPackageProductDependency section */
	};
	rootObject = 76956AF12DB81CC000940F8D /* Project object */;
}
